
Microsoft Visual Studio Solution File, Format Version 12.00
# Visual Studio Version 16
VisualStudioVersion = 16.0.30114.105
MinimumVisualStudioVersion = 10.0.40219.1
Project("{2150E333-8FDC-42A3-9474-1A3956D46DE8}") = "Solution Items", "Solution Items", "{BAFA6AB0-94F3-481A-A314-BD7A754F19A5}"
	ProjectSection(SolutionItems) = preProject
		.editorconfig = .editorconfig
		.gitattributes = .gitattributes
		.gitignore = .gitignore
		README.md = README.md
	EndProjectSection
EndProject
Project("{FAE04EC0-301F-11D3-BF4B-00C04F79EFBC}") = "Shipwright.Core", "src\Shipwright.Core\Shipwright.Core.csproj", "{93F0243B-48D6-4449-8DDE-DEC628501E53}"
EndProject
Project("{FAE04EC0-301F-11D3-BF4B-00C04F79EFBC}") = "Shipwright.Test", "src\Shipwright.Test\Shipwright.Test.csproj", "{EA2DD246-0835-458E-91F2-B2EE511FE7A1}"
EndProject
Global
	GlobalSection(SolutionConfigurationPlatforms) = preSolution
		Debug|Any CPU = Debug|Any CPU
		Release|Any CPU = Release|Any CPU
	EndGlobalSection
	GlobalSection(SolutionProperties) = preSolution
		HideSolutionNode = FALSE
	EndGlobalSection
	GlobalSection(NestedProjects) = preSolution
	EndGlobalSection
	GlobalSection(ProjectConfigurationPlatforms) = postSolution
		{93F0243B-48D6-4449-8DDE-DEC628501E53}.Debug|Any CPU.ActiveCfg = Debug|Any CPU
		{93F0243B-48D6-4449-8DDE-DEC628501E53}.Debug|Any CPU.Build.0 = Debug|Any CPU
		{93F0243B-48D6-4449-8DDE-DEC628501E53}.Release|Any CPU.ActiveCfg = Release|Any CPU
		{93F0243B-48D6-4449-8DDE-DEC628501E53}.Release|Any CPU.Build.0 = Release|Any CPU
		{EA2DD246-0835-458E-91F2-B2EE511FE7A1}.Debug|Any CPU.ActiveCfg = Debug|Any CPU
		{EA2DD246-0835-458E-91F2-B2EE511FE7A1}.Debug|Any CPU.Build.0 = Debug|Any CPU
		{EA2DD246-0835-458E-91F2-B2EE511FE7A1}.Release|Any CPU.ActiveCfg = Release|Any CPU
		{EA2DD246-0835-458E-91F2-B2EE511FE7A1}.Release|Any CPU.Build.0 = Release|Any CPU
	EndGlobalSection
EndGlobal
